
Microsoft Visual Studio Solution File, Format Version 12.00
# Visual Studio Version 16
VisualStudioVersion = 16.0.30804.86
MinimumVisualStudioVersion = 10.0.40219.1
Project("{FAE04EC0-301F-11D3-BF4B-00C04F79EFBC}") = "Application", "Application\Application.csproj", "{1380858B-717B-4B47-9967-F1FF1D67911D}"
EndProject
Project("{FAE04EC0-301F-11D3-BF4B-00C04F79EFBC}") = "Services", "Services\Services.csproj", "{5AEA42D0-4D73-449D-9DDE-CFD3010381EE}"
EndProject
Project("{FAE04EC0-301F-11D3-BF4B-00C04F79EFBC}") = "UnitTests", "UnitTests\UnitTests.csproj", "{0D21A6DD-E8B4-4E0E-AD5E-3249D3D04EAA}"
EndProject
Global
	GlobalSection(SolutionConfigurationPlatforms) = preSolution
		Debug|Any CPU = Debug|Any CPU
		Release|Any CPU = Release|Any CPU
	EndGlobalSection
	GlobalSection(ProjectConfigurationPlatforms) = postSolution
		{1380858B-717B-4B47-9967-F1FF1D67911D}.Debug|Any CPU.ActiveCfg = Debug|Any CPU
		{1380858B-717B-4B47-9967-F1FF1D67911D}.Debug|Any CPU.Build.0 = Debug|Any CPU
		{1380858B-717B-4B47-9967-F1FF1D67911D}.Release|Any CPU.ActiveCfg = Release|Any CPU
		{1380858B-717B-4B47-9967-F1FF1D67911D}.Release|Any CPU.Build.0 = Release|Any CPU
		{5AEA42D0-4D73-449D-9DDE-CFD3010381EE}.Debug|Any CPU.ActiveCfg = Debug|Any CPU
		{5AEA42D0-4D73-449D-9DDE-CFD3010381EE}.Debug|Any CPU.Build.0 = Debug|Any CPU
		{5AEA42D0-4D73-449D-9DDE-CFD3010381EE}.Release|Any CPU.ActiveCfg = Release|Any CPU
		{5AEA42D0-4D73-449D-9DDE-CFD3010381EE}.Release|Any CPU.Build.0 = Release|Any CPU
		{0D21A6DD-E8B4-4E0E-AD5E-3249D3D04EAA}.Debug|Any CPU.ActiveCfg = Debug|Any CPU
		{0D21A6DD-E8B4-4E0E-AD5E-3249D3D04EAA}.Debug|Any CPU.Build.0 = Debug|Any CPU
		{0D21A6DD-E8B4-4E0E-AD5E-3249D3D04EAA}.Release|Any CPU.ActiveCfg = Release|Any CPU
		{0D21A6DD-E8B4-4E0E-AD5E-3249D3D04EAA}.Release|Any CPU.Build.0 = Release|Any CPU
	EndGlobalSection
	GlobalSection(SolutionProperties) = preSolution
		HideSolutionNode = FALSE
	EndGlobalSection
	GlobalSection(ExtensibilityGlobals) = postSolution
		SolutionGuid = {6325A682-A06D-462B-8FA1-17F96D4A80BC}
	EndGlobalSection
EndGlobal
