{
  "requires": true,
  "lockfileVersion": 1,
  "dependencies": {
    "talkify-tts": {
      "version": "3.8.0",
      "resolved": "https://registry.npmjs.org/talkify-tts/-/talkify-tts-3.8.0.tgz",
      "integrity": "sha512-CL2yHNwdKMvIXwvDSarhg+sPFnRV2pH/6E2Vgx5v01bbjgGi0I8URrp9fkH0dsC7V/hrfJMrinvIIZuHp5+AMQ=="
    }
  }
}
